
Microsoft Visual Studio Solution File, Format Version 11.00
# Visual Studio 2012
Project("{FAE04EC0-301F-11D3-BF4B-00C04F79EFBC}") = "StarterTree", "StarterTree\StarterTree.csproj", "{6F175B70-8D78-453E-B5B0-0806F3EA5C95}"
EndProject
Project("{FAE04EC0-301F-11D3-BF4B-00C04F79EFBC}") = "StarterTree.Tests", "StarterTree.Tests\StarterTree.Tests.csproj", "{17D57770-7B90-4FBF-A33E-019D86EF2D11}"
EndProject
Global
	GlobalSection(SolutionConfigurationPlatforms) = preSolution
		Debug|Any CPU = Debug|Any CPU
		Release|Any CPU = Release|Any CPU
	EndGlobalSection
	GlobalSection(ProjectConfigurationPlatforms) = postSolution
		{6F175B70-8D78-453E-B5B0-0806F3EA5C95}.Debug|Any CPU.ActiveCfg = Debug|Any CPU
		{6F175B70-8D78-453E-B5B0-0806F3EA5C95}.Debug|Any CPU.Build.0 = Debug|Any CPU
		{6F175B70-8D78-453E-B5B0-0806F3EA5C95}.Release|Any CPU.ActiveCfg = Release|Any CPU
		{6F175B70-8D78-453E-B5B0-0806F3EA5C95}.Release|Any CPU.Build.0 = Release|Any CPU
		{17D57770-7B90-4FBF-A33E-019D86EF2D11}.Debug|Any CPU.ActiveCfg = Debug|Any CPU
		{17D57770-7B90-4FBF-A33E-019D86EF2D11}.Debug|Any CPU.Build.0 = Debug|Any CPU
		{17D57770-7B90-4FBF-A33E-019D86EF2D11}.Release|Any CPU.ActiveCfg = Release|Any CPU
		{17D57770-7B90-4FBF-A33E-019D86EF2D11}.Release|Any CPU.Build.0 = Release|Any CPU
	EndGlobalSection
	GlobalSection(SolutionProperties) = preSolution
		HideSolutionNode = FALSE
	EndGlobalSection
EndGlobal
